
Microsoft Visual Studio Solution File, Format Version 12.00
# Visual Studio Version 16
VisualStudioVersion = 16.0.30204.135
MinimumVisualStudioVersion = 10.0.40219.1
Project("{9A19103F-16F7-4668-BE54-9A1E7A4F7556}") = "PingMyVM", "PingMyVM\PingMyVM.csproj", "{3303CDEE-FFA2-473D-A853-778157753340}"
EndProject
Global
	GlobalSection(SolutionConfigurationPlatforms) = preSolution
		Debug|Any CPU = Debug|Any CPU
		Release|Any CPU = Release|Any CPU
	EndGlobalSection
	GlobalSection(ProjectConfigurationPlatforms) = postSolution
		{3303CDEE-FFA2-473D-A853-778157753340}.Debug|Any CPU.ActiveCfg = Debug|Any CPU
		{3303CDEE-FFA2-473D-A853-778157753340}.Debug|Any CPU.Build.0 = Debug|Any CPU
		{3303CDEE-FFA2-473D-A853-778157753340}.Release|Any CPU.ActiveCfg = Release|Any CPU
		{3303CDEE-FFA2-473D-A853-778157753340}.Release|Any CPU.Build.0 = Release|Any CPU
	EndGlobalSection
	GlobalSection(SolutionProperties) = preSolution
		HideSolutionNode = FALSE
	EndGlobalSection
	GlobalSection(ExtensibilityGlobals) = postSolution
		SolutionGuid = {9E55727C-DE97-49A6-A355-F8D7569CEE99}
	EndGlobalSection
EndGlobal
